PODS:
  - KFWatchKitAnimations (3.0.0)

DEPENDENCIES:
  - KFWatchKitAnimations (from `../`)

EXTERNAL SOURCES:
  KFWatchKitAnimations:
    :path: ../

SPEC CHECKSUMS:
  KFWatchKitAnimations: f5687d3914baf41ceaca1ebce751289e84f6bc4a

PODFILE CHECKSUM: 52cfbad91d3c4dae5d456ae636e9b6edb4e763e8

COCOAPODS: 1.4.0.beta.1
